
Microsoft Visual Studio Solution File, Format Version 12.00
# Visual Studio 15
VisualStudioVersion = 15.0.28307.1738
MinimumVisualStudioVersion = 10.0.40219.1
Project("{FAE04EC0-301F-11D3-BF4B-00C04F79EFBC}") = "EBoxADONET", "EBoxADONET\EBoxADONET.csproj", "{B43E06E0-22A8-4844-9B19-6EE39F1F54EE}"
EndProject
Global
	GlobalSection(SolutionConfigurationPlatforms) = preSolution
		Debug|Any CPU = Debug|Any CPU
		Release|Any CPU = Release|Any CPU
	EndGlobalSection
	GlobalSection(ProjectConfigurationPlatforms) = postSolution
		{B43E06E0-22A8-4844-9B19-6EE39F1F54EE}.Debug|Any CPU.ActiveCfg = Debug|Any CPU
		{B43E06E0-22A8-4844-9B19-6EE39F1F54EE}.Debug|Any CPU.Build.0 = Debug|Any CPU
		{B43E06E0-22A8-4844-9B19-6EE39F1F54EE}.Release|Any CPU.ActiveCfg = Release|Any CPU
		{B43E06E0-22A8-4844-9B19-6EE39F1F54EE}.Release|Any CPU.Build.0 = Release|Any CPU
	EndGlobalSection
	GlobalSection(SolutionProperties) = preSolution
		HideSolutionNode = FALSE
	EndGlobalSection
	GlobalSection(ExtensibilityGlobals) = postSolution
		SolutionGuid = {81218489-4ABD-42CC-B113-C3AB77E5620A}
	EndGlobalSection
EndGlobal
